// !$*UTF8*$!
{
	archiveVersion = 1;
	classes = {
	};
	objectVersion = 46;
	objects = {

/* Begin PBXBuildFile section */
		513C83BF1D5484E200D70A04 /* main.m in Sources */ = {isa = PBXBuildFile; fileRef = 513C83BE1D5484E200D70A04 /* main.m */; };
		513C83C21D5484E200D70A04 /* AppDelegate.m in Sources */ = {isa = PBXBuildFile; fileRef = 513C83C11D5484E200D70A04 /* AppDelegate.m */; };
		513C83C51D5484E200D70A04 /* ViewController.m in Sources */ = {isa = PBXBuildFile; fileRef = 513C83C41D5484E200D70A04 /* ViewController.m */; };
		513C83C81D5484E200D70A04 /* Main.storyboard in Resources */ = {isa = PBXBuildFile; fileRef = 513C83C61D5484E200D70A04 /* Main.storyboard */; };
		513C83CA1D5484E200D70A04 /* Assets.xcassets in Resources */ = {isa = PBXBuildFile; fileRef = 513C83C91D5484E200D70A04 /* Assets.xcassets */; };
		513C83CD1D5484E200D70A04 /* LaunchScreen.storyboard in Resources */ = {isa = PBXBuildFile; fileRef = 513C83CB1D5484E200D70A04 /* LaunchScreen.storyboard */; };
		513C83D81D5484E200D70A04 /* Test_git_appTests.m in Sources */ = {isa = PBXBuildFile; fileRef = 513C83D71D5484E200D70A04 /* Test_git_appTests.m */; };
		513C83E31D5484E200D70A04 /* Test_git_appUITests.m in Sources */ = {isa = PBXBuildFile; fileRef = 513C83E21D5484E200D70A04 /* Test_git_appUITests.m */; };
/* End PBXBuildFile section */

/* Begin PBXContainerItemProxy section */
		513C83D41D5484E200D70A04 /* PBXContainerItemProxy */ = {
			isa = PBXContainerItemProxy;
			containerPortal = 513C83B21D5484E200D70A04 /* Project object */;
			proxyType = 1;
			remoteGlobalIDString = 513C83B91D5484E200D70A04;
			remoteInfo = Test_git_app;
		};
		513C83DF1D5484E200D70A04 /* PBXContainerItemProxy */ = {
			isa = PBXContainerItemProxy;
			containerPortal = 513C83B21D5484E200D70A04 /* Project object */;
			proxyType = 1;
			remoteGlobalIDString = 513C83B91D5484E200D70A04;
			remoteInfo = Test_git_app;
		};
/* End PBXContainerItemProxy section */

/* Begin PBXFileReference section */
		513C83BA1D5484E200D70A04 /* Test_git_app.app */ = {isa = PBXFileReference; explicitFileType = wrapper.application; includeInIndex = 0; path = Test_git_app.app; sourceTree = BUILT_PRODUCTS_DIR; };
		513C83BE1D5484E200D70A04 /* main.m */ = {isa = PBXFileReference; lastKnownFileType = sourcecode.c.objc; path = main.m; sourceTree = "<group>"; };
		513C83C01D5484E200D70A04 /* AppDelegate.h */ = {isa = PBXFileReference; lastKnownFileType = sourcecode.c.h; path = AppDelegate.h; sourceTree = "<group>"; };
		513C83C11D5484E200D70A04 /* AppDelegate.m */ = {isa = PBXFileReference; lastKnownFileType = sourcecode.c.objc; path = AppDelegate.m; sourceTree = "<group>"; };
		513C83C31D5484E200D70A04 /* ViewController.h */ = {isa = PBXFileReference; lastKnownFileType = sourcecode.c.h; path = ViewController.h; sourceTree = "<group>"; };
		513C83C41D5484E200D70A04 /* ViewController.m */ = {isa = PBXFileReference; lastKnownFileType = sourcecode.c.objc; path = ViewController.m; sourceTree = "<group>"; };
		513C83C71D5484E200D70A04 /* Base */ = {isa = PBXFileReference; lastKnownFileType = file.storyboard; name = Base; path = Base.lproj/Main.storyboard; sourceTree = "<group>"; };
		513C83C91D5484E200D70A04 /* Assets.xcassets */ = {isa = PBXFileReference; lastKnownFileType = folder.assetcatalog; path = Assets.xcassets; sourceTree = "<group>"; };
		513C83CC1D5484E200D70A04 /* Base */ = {isa = PBXFileReference; lastKnownFileType = file.storyboard; name = Base; path = Base.lproj/LaunchScreen.storyboard; sourceTree = "<group>"; };
		513C83CE1D5484E200D70A04 /* Info.plist */ = {isa = PBXFileReference; lastKnownFileType = text.plist.xml; path = Info.plist; sourceTree = "<group>"; };
		513C83D31D5484E200D70A04 /* Test_git_appTests.xctest */ = {isa = PBXFileReference; explicitFileType = wrapper.cfbundle; includeInIndex = 0; path = Test_git_appTests.xctest; sourceTree = BUILT_PRODUCTS_DIR; };
		513C83D71D5484E200D70A04 /* Test_git_appTests.m */ = {isa = PBXFileReference; lastKnownFileType = sourcecode.c.objc; path = Test_git_appTests.m; sourceTree = "<group>"; };
		513C83D91D5484E200D70A04 /* Info.plist */ = {isa = PBXFileReference; lastKnownFileType = text.plist.xml; path = Info.plist; sourceTree = "<group>"; };
		513C83DE1D5484E200D70A04 /* Test_git_appUITests.xctest */ = {isa = PBXFileReference; explicitFileType = wrapper.cfbundle; includeInIndex = 0; path = Test_git_appUITests.xctest; sourceTree = BUILT_PRODUCTS_DIR; };
		513C83E21D5484E200D70A04 /* Test_git_appUITests.m */ = {isa = PBXFileReference; lastKnownFileType = sourcecode.c.objc; path = Test_git_appUITests.m; sourceTree = "<group>"; };
		513C83E41D5484E200D70A04 /* Info.plist */ = {isa = PBXFileReference; lastKnownFileType = text.plist.xml; path = Info.plist; sourceTree = "<group>"; };
/* End PBXFileReference section */

/* Begin PBXFrameworksBuildPhase section */
		513C83B71D5484E200D70A04 /* Frameworks */ = {
			isa = PBXFrameworksBuildPhase;
			buildActionMask = 2147483647;
			files = (
			);
			runOnlyForDeploymentPostprocessing = 0;
		};
		513C83D01D5484E200D70A04 /* Frameworks */ = {
			isa = PBXFrameworksBuildPhase;
			buildActionMask = 2147483647;
			files = (
			);
			runOnlyForDeploymentPostprocessing = 0;
		};
		513C83DB1D5484E200D70A04 /* Frameworks */ = {
			isa = PBXFrameworksBuildPhase;
			buildActionMask = 2147483647;
			files = (
			);
			runOnlyForDeploymentPostprocessing = 0;
		};
/* End PBXFrameworksBuildPhase section */

/* Begin PBXGroup section */
		513C83B11D5484E200D70A04 = {
			isa = PBXGroup;
			children = (
				513C83BC1D5484E200D70A04 /* Test_git_app */,
				513C83D61D5484E200D70A04 /* Test_git_appTests */,
				513C83E11D5484E200D70A04 /* Test_git_appUITests */,
				513C83BB1D5484E200D70A04 /* Products */,
			);
			sourceTree = "<group>";
		};
		513C83BB1D5484E200D70A04 /* Products */ = {
			isa = PBXGroup;
			children = (
				513C83BA1D5484E200D70A04 /* Test_git_app.app */,
				513C83D31D5484E200D70A04 /* Test_git_appTests.xctest */,
				513C83DE1D5484E200D70A04 /* Test_git_appUITests.xctest */,
			);
			name = Products;
			sourceTree = "<group>";
		};
		513C83BC1D5484E200D70A04 /* Test_git_app */ = {
			isa = PBXGroup;
			children = (
				513C83C01D5484E200D70A04 /* AppDelegate.h */,
				513C83C11D5484E200D70A04 /* AppDelegate.m */,
				513C83C31D5484E200D70A04 /* ViewController.h */,
				513C83C41D5484E200D70A04 /* ViewController.m */,
				513C83C61D5484E200D70A04 /* Main.storyboard */,
				513C83C91D5484E200D70A04 /* Assets.xcassets */,
				513C83CB1D5484E200D70A04 /* LaunchScreen.storyboard */,
				513C83CE1D5484E200D70A04 /* Info.plist */,
				513C83BD1D5484E200D70A04 /* Supporting Files */,
			);
			path = Test_git_app;
			sourceTree = "<group>";
		};
		513C83BD1D5484E200D70A04 /* Supporting Files */ = {
			isa = PBXGroup;
			children = (
				513C83BE1D5484E200D70A04 /* main.m */,
			);
			name = "Supporting Files";
			sourceTree = "<group>";
		};
		513C83D61D5484E200D70A04 /* Test_git_appTests */ = {
			isa = PBXGroup;
			children = (
				513C83D71D5484E200D70A04 /* Test_git_appTests.m */,
				513C83D91D5484E200D70A04 /* Info.plist */,
			);
			path = Test_git_appTests;
			sourceTree = "<group>";
		};
		513C83E11D5484E200D70A04 /* Test_git_appUITests */ = {
			isa = PBXGroup;
			children = (
				513C83E21D5484E200D70A04 /* Test_git_appUITests.m */,
				513C83E41D5484E200D70A04 /* Info.plist */,
			);
			path = Test_git_appUITests;
			sourceTree = "<group>";
		};
/* End PBXGroup section */

/* Begin PBXNativeTarget section */
		513C83B91D5484E200D70A04 /* Test_git_app */ = {
			isa = PBXNativeTarget;
			buildConfigurationList = 513C83E71D5484E200D70A04 /* Build configuration list for PBXNativeTarget "Test_git_app" */;
			buildPhases = (
				513C83B61D5484E200D70A04 /* Sources */,
				513C83B71D5484E200D70A04 /* Frameworks */,
				513C83B81D5484E200D70A04 /* Resources */,
			);
			buildRules = (
			);
			dependencies = (
			);
			name = Test_git_app;
			productName = Test_git_app;
			productReference = 513C83BA1D5484E200D70A04 /* Test_git_app.app */;
			productType = "com.apple.product-type.application";
		};
		513C83D21D5484E200D70A04 /* Test_git_appTests */ = {
			isa = PBXNativeTarget;
			buildConfigurationList = 513C83EA1D5484E200D70A04 /* Build configuration list for PBXNativeTarget "Test_git_appTests" */;
			buildPhases = (
				513C83CF1D5484E200D70A04 /* Sources */,
				513C83D01D5484E200D70A04 /* Frameworks */,
				513C83D11D5484E200D70A04 /* Resources */,
			);
			buildRules = (
			);
			dependencies = (
				513C83D51D5484E200D70A04 /* PBXTargetDependency */,
			);
			name = Test_git_appTests;
			productName = Test_git_appTests;
			productReference = 513C83D31D5484E200D70A04 /* Test_git_appTests.xctest */;
			productType = "com.apple.product-type.bundle.unit-test";
		};
		513C83DD1D5484E200D70A04 /* Test_git_appUITests */ = {
			isa = PBXNativeTarget;
			buildConfigurationList = 513C83ED1D5484E200D70A04 /* Build configuration list for PBXNativeTarget "Test_git_appUITests" */;
			buildPhases = (
				513C83DA1D5484E200D70A04 /* Sources */,
				513C83DB1D5484E200D70A04 /* Frameworks */,
				513C83DC1D5484E200D70A04 /* Resources */,
			);
			buildRules = (
			);
			dependencies = (
				513C83E01D5484E200D70A04 /* PBXTargetDependency */,
			);
			name = Test_git_appUITests;
			productName = Test_git_appUITests;
			productReference = 513C83DE1D5484E200D70A04 /* Test_git_appUITests.xctest */;
			productType = "com.apple.product-type.bundle.ui-testing";
		};
/* End PBXNativeTarget section */

/* Begin PBXProject section */
		513C83B21D5484E200D70A04 /* Project object */ = {
			isa = PBXProject;
			attributes = {
				LastUpgradeCheck = 0720;
				ORGANIZATIONNAME = "Shenzhen Tentinet Technology Co,. Ltd.";
				TargetAttributes = {
					513C83B91D5484E200D70A04 = {
						CreatedOnToolsVersion = 7.2;
						DevelopmentTeam = X54N4AFG76;
					};
					513C83D21D5484E200D70A04 = {
						CreatedOnToolsVersion = 7.2;
						DevelopmentTeam = X54N4AFG76;
						TestTargetID = 513C83B91D5484E200D70A04;
					};
					513C83DD1D5484E200D70A04 = {
						CreatedOnToolsVersion = 7.2;
						DevelopmentTeam = X54N4AFG76;
						TestTargetID = 513C83B91D5484E200D70A04;
					};
				};
			};
			buildConfigurationList = 513C83B51D5484E200D70A04 /* Build configuration list for PBXProject "Test_git_app" */;
			compatibilityVersion = "Xcode 3.2";
			developmentRegion = English;
			hasScannedForEncodings = 0;
			knownRegions = (
				en,
				Base,
			);
			mainGroup = 513C83B11D5484E200D70A04;
			productRefGroup = 513C83BB1D5484E200D70A04 /* Products */;
			projectDirPath = "";
			projectRoot = "";
			targets = (
				513C83B91D5484E200D70A04 /* Test_git_app */,
				513C83D21D5484E200D70A04 /* Test_git_appTests */,
				513C83DD1D5484E200D70A04 /* Test_git_appUITests */,
			);
		};
/* End PBXProject section */

/* Begin PBXResourcesBuildPhase section */
		513C83B81D5484E200D70A04 /* Resources */ = {
			isa = PBXResourcesBuildPhase;
			buildActionMask = 2147483647;
			files = (
				513C83CD1D5484E200D70A04 /* LaunchScreen.storyboard in Resources */,
				513C83CA1D5484E200D70A04 /* Assets.xcassets in Resources */,
				513C83C81D5484E200D70A04 /* Main.storyboard in Resources */,
			);
			runOnlyForDeploymentPostprocessing = 0;
		};
		513C83D11D5484E200D70A04 /* Resources */ = {
			isa = PBXResourcesBuildPhase;
			buildActionMask = 2147483647;
			files = (
			);
			runOnlyForDeploymentPostprocessing = 0;
		};
		513C83DC1D5484E200D70A04 /* Resources */ = {
			isa = PBXResourcesBuildPhase;
			buildActionMask = 2147483647;
			files = (
			);
			runOnlyForDeploymentPostprocessing = 0;
		};
/* End PBXResourcesBuildPhase section */

/* Begin PBXSourcesBuildPhase section */
		513C83B61D5484E200D70A04 /* Sources */ = {
			isa = PBXSourcesBuildPhase;
			buildActionMask = 2147483647;
			files = (
				513C83C51D5484E200D70A04 /* ViewController.m in Sources */,
				513C83C21D5484E200D70A04 /* AppDelegate.m in Sources */,
				513C83BF1D5484E200D70A04 /* main.m in Sources */,
			);
			runOnlyForDeploymentPostprocessing = 0;
		};
		513C83CF1D5484E200D70A04 /* Sources */ = {
			isa = PBXSourcesBuildPhase;
			buildActionMask = 2147483647;
			files = (
				513C83D81D5484E200D70A04 /* Test_git_appTests.m in Sources */,
			);
			runOnlyForDeploymentPostprocessing = 0;
		};
		513C83DA1D5484E200D70A04 /* Sources */ = {
			isa = PBXSourcesBuildPhase;
			buildActionMask = 2147483647;
			files = (
				513C83E31D5484E200D70A04 /* Test_git_appUITests.m in Sources */,
			);
			runOnlyForDeploymentPostprocessing = 0;
		};
/* End PBXSourcesBuildPhase section */

/* Begin PBXTargetDependency section */
		513C83D51D5484E200D70A04 /* PBXTargetDependency */ = {
			isa = PBXTargetDependency;
			target = 513C83B91D5484E200D70A04 /* Test_git_app */;
			targetProxy = 513C83D41D5484E200D70A04 /* PBXContainerItemProxy */;
		};
		513C83E01D5484E200D70A04 /* PBXTargetDependency */ = {
			isa = PBXTargetDependency;
			target = 513C83B91D5484E200D70A04 /* Test_git_app */;
			targetProxy = 513C83DF1D5484E200D70A04 /* PBXContainerItemProxy */;
		};
/* End PBXTargetDependency section */

/* Begin PBXVariantGroup section */
		513C83C61D5484E200D70A04 /* Main.storyboard */ = {
			isa = PBXVariantGroup;
			children = (
				513C83C71D5484E200D70A04 /* Base */,
			);
			name = Main.storyboard;
			sourceTree = "<group>";
		};
		513C83CB1D5484E200D70A04 /* LaunchScreen.storyboard */ = {
			isa = PBXVariantGroup;
			children = (
				513C83CC1D5484E200D70A04 /* Base */,
			);
			name = LaunchScreen.storyboard;
			sourceTree = "<group>";
		};
/* End PBXVariantGroup section */

/* Begin XCBuildConfiguration section */
		513C83E51D5484E200D70A04 /* Debug */ = {
			isa = XCBuildConfiguration;
			buildSettings = {
				ALWAYS_SEARCH_USER_PATHS = NO;
				CLANG_CXX_LANGUAGE_STANDARD = "gnu++0x";
				CLANG_CXX_LIBRARY = "libc++";
				CLANG_ENABLE_MODULES = YES;
				CLANG_ENABLE_OBJC_ARC = YES;
				CLANG_WARN_BOOL_CONVERSION = YES;
				CLANG_WARN_CONSTANT_CONVERSION = YES;
				CLANG_WARN_DIRECT_OBJC_ISA_USAGE = YES_ERROR;
				CLANG_WARN_EMPTY_BODY = YES;
				CLANG_WARN_ENUM_CONVERSION = YES;
				CLANG_WARN_INT_CONVERSION = YES;
				CLANG_WARN_OBJC_ROOT_CLASS = YES_ERROR;
				CLANG_WARN_UNREACHABLE_CODE = YES;
				CLANG_WARN__DUPLICATE_METHOD_MATCH = YES;
				"CODE_SIGN_IDENTITY[sdk=iphoneos*]" = "iPhone Developer";
				COPY_PHASE_STRIP = NO;
				DEBUG_INFORMATION_FORMAT = dwarf;
				ENABLE_STRICT_OBJC_MSGSEND = YES;
				ENABLE_TESTABILITY = YES;
				GCC_C_LANGUAGE_STANDARD = gnu99;
				GCC_DYNAMIC_NO_PIC = NO;
				GCC_NO_COMMON_BLOCKS = YES;
				GCC_OPTIMIZATION_LEVEL = 0;
				GCC_PREPROCESSOR_DEFINITIONS = (
					"DEBUG=1",
					"$(inherited)",
				);
				GCC_WARN_64_TO_32_BIT_CONVERSION = YES;
				GCC_WARN_ABOUT_RETURN_TYPE = YES_ERROR;
				GCC_WARN_UNDECLARED_SELECTOR = YES;
				GCC_WARN_UNINITIALIZED_AUTOS = YES_AGGRESSIVE;
				GCC_WARN_UNUSED_FUNCTION = YES;
				GCC_WARN_UNUSED_VARIABLE = YES;
				IPHONEOS_DEPLOYMENT_TARGET = 9.2;
				MTL_ENABLE_DEBUG_INFO = YES;
				ONLY_ACTIVE_ARCH = YES;
				SDKROOT = iphoneos;
				TARGETED_DEVICE_FAMILY = "1,2";
			};
			name = Debug;
		};
		513C83E61D5484E200D70A04 /* Release */ = {
			isa = XCBuildConfiguration;
			buildSettings = {
				ALWAYS_SEARCH_USER_PATHS = NO;
				CLANG_CXX_LANGUAGE_STANDARD = "gnu++0x";
				CLANG_CXX_LIBRARY = "libc++";
				CLANG_ENABLE_MODULES = YES;
				CLANG_ENABLE_OBJC_ARC = YES;
				CLANG_WARN_BOOL_CONVERSION = YES;
				CLANG_WARN_CONSTANT_CONVERSION = YES;
				CLANG_WARN_DIRECT_OBJC_ISA_USAGE = YES_ERROR;
				CLANG_WARN_EMPTY_BODY = YES;
				CLANG_WARN_ENUM_CONVERSION = YES;
				CLANG_WARN_INT_CONVERSION = YES;
				CLANG_WARN_OBJC_ROOT_CLASS = YES_ERROR;
				CLANG_WARN_UNREACHABLE_CODE = YES;
				CLANG_WARN__DUPLICATE_METHOD_MATCH = YES;
				"CODE_SIGN_IDENTITY[sdk=iphoneos*]" = "iPhone Developer";
				COPY_PHASE_STRIP = NO;
				DEBUG_INFORMATION_FORMAT = "dwarf-with-dsym";
				ENABLE_NS_ASSERTIONS = NO;
				ENABLE_STRICT_OBJC_MSGSEND = YES;
				GCC_C_LANGUAGE_STANDARD = gnu99;
				GCC_NO_COMMON_BLOCKS = YES;
				GCC_WARN_64_TO_32_BIT_CONVERSION = YES;
				GCC_WARN_ABOUT_RETURN_TYPE = YES_ERROR;
				GCC_WARN_UNDECLARED_SELECTOR = YES;
				GCC_WARN_UNINITIALIZED_AUTOS = YES_AGGRESSIVE;
				GCC_WARN_UNUSED_FUNCTION = YES;
				GCC_WARN_UNUSED_VARIABLE = YES;
				IPHONEOS_DEPLOYMENT_TARGET = 9.2;
				MTL_ENABLE_DEBUG_INFO = NO;
				SDKROOT = iphoneos;
				TARGETED_DEVICE_FAMILY = "1,2";
				VALIDATE_PRODUCT = YES;
			};
			name = Release;
		};
		513C83E81D5484E200D70A04 /* Debug */ = {
			isa = XCBuildConfiguration;
			buildSettings = {
				ASSETCATALOG_COMPILER_APPICON_NAME = AppIcon;
				INFOPLIST_FILE = Test_git_app/Info.plist;
				LD_RUNPATH_SEARCH_PATHS = "$(inherited) @executable_path/Frameworks";
				PRODUCT_BUNDLE_IDENTIFIER = "Shenzhen-Tentinet-Technology-Co-.-Ltd..Test-git-app";
				PRODUCT_NAME = "$(TARGET_NAME)";
			};
			name = Debug;
		};
		513C83E91D5484E200D70A04 /* Release */ = {
			isa = XCBuildConfiguration;
			buildSettings = {
				ASSETCATALOG_COMPILER_APPICON_NAME = AppIcon;
				INFOPLIST_FILE = Test_git_app/Info.plist;
				LD_RUNPATH_SEARCH_PATHS = "$(inherited) @executable_path/Frameworks";
				PRODUCT_BUNDLE_IDENTIFIER = "Shenzhen-Tentinet-Technology-Co-.-Ltd..Test-git-app";
				PRODUCT_NAME = "$(TARGET_NAME)";
			};
			name = Release;
		};
		513C83EB1D5484E200D70A04 /* Debug */ = {
			isa = XCBuildConfiguration;
			buildSettings = {
				BUNDLE_LOADER = "$(TEST_HOST)";
				INFOPLIST_FILE = Test_git_appTests/Info.plist;
				LD_RUNPATH_SEARCH_PATHS = "$(inherited) @executable_path/Frameworks @loader_path/Frameworks";
				PRODUCT_BUNDLE_IDENTIFIER = "Shenzhen-Tentinet-Technology-Co-.-Ltd..Test-git-appTests";
				PRODUCT_NAME = "$(TARGET_NAME)";
				TEST_HOST = "$(BUILT_PRODUCTS_DIR)/Test_git_app.app/Test_git_app";
			};
			name = Debug;
		};
		513C83EC1D5484E200D70A04 /* Release */ = {
			isa = XCBuildConfiguration;
			buildSettings = {
				BUNDLE_LOADER = "$(TEST_HOST)";
				INFOPLIST_FILE = Test_git_appTests/Info.plist;
				LD_RUNPATH_SEARCH_PATHS = "$(inherited) @executable_path/Frameworks @loader_path/Frameworks";
				PRODUCT_BUNDLE_IDENTIFIER = "Shenzhen-Tentinet-Technology-Co-.-Ltd..Test-git-appTests";
				PRODUCT_NAME = "$(TARGET_NAME)";
				TEST_HOST = "$(BUILT_PRODUCTS_DIR)/Test_git_app.app/Test_git_app";
			};
			name = Release;
		};
		513C83EE1D5484E200D70A04 /* Debug */ = {
			isa = XCBuildConfiguration;
			buildSettings = {
				INFOPLIST_FILE = Test_git_appUITests/Info.plist;
				LD_RUNPATH_SEARCH_PATHS = "$(inherited) @executable_path/Frameworks @loader_path/Frameworks";
				PRODUCT_BUNDLE_IDENTIFIER = "Shenzhen-Tentinet-Technology-Co-.-Ltd..Test-git-appUITests";
				PRODUCT_NAME = "$(TARGET_NAME)";
				TEST_TARGET_NAME = Test_git_app;
				USES_XCTRUNNER = YES;
			};
			name = Debug;
		};
		513C83EF1D5484E200D70A04 /* Release */ = {
			isa = XCBuildConfiguration;
			buildSettings = {
				INFOPLIST_FILE = Test_git_appUITests/Info.plist;
				LD_RUNPATH_SEARCH_PATHS = "$(inherited) @executable_path/Frameworks @loader_path/Frameworks";
				PRODUCT_BUNDLE_IDENTIFIER = "Shenzhen-Tentinet-Technology-Co-.-Ltd..Test-git-appUITests";
				PRODUCT_NAME = "$(TARGET_NAME)";
				TEST_TARGET_NAME = Test_git_app;
				USES_XCTRUNNER = YES;
			};
			name = Release;
		};
/* End XCBuildConfiguration section */

/* Begin XCConfigurationList section */
		513C83B51D5484E200D70A04 /* Build configuration list for PBXProject "Test_git_app" */ = {
			isa = XCConfigurationList;
			buildConfigurations = (
				513C83E51D5484E200D70A04 /* Debug */,
				513C83E61D5484E200D70A04 /* Release */,
			);
			defaultConfigurationIsVisible = 0;
			defaultConfigurationName = Release;
		};
		513C83E71D5484E200D70A04 /* Build configuration list for PBXNativeTarget "Test_git_app" */ = {
			isa = XCConfigurationList;
			buildConfigurations = (
				513C83E81D5484E200D70A04 /* Debug */,
				513C83E91D5484E200D70A04 /* Release */,
			);
			defaultConfigurationIsVisible = 0;
		};
		513C83EA1D5484E200D70A04 /* Build configuration list for PBXNativeTarget "Test_git_appTests" */ = {
			isa = XCConfigurationList;
			buildConfigurations = (
				513C83EB1D5484E200D70A04 /* Debug */,
				513C83EC1D5484E200D70A04 /* Release */,
			);
			defaultConfigurationIsVisible = 0;
		};
		513C83ED1D5484E200D70A04 /* Build configuration list for PBXNativeTarget "Test_git_appUITests" */ = {
			isa = XCConfigurationList;
			buildConfigurations = (
				513C83EE1D5484E200D70A04 /* Debug */,
				513C83EF1D5484E200D70A04 /* Release */,
			);
			defaultConfigurationIsVisible = 0;
		};
/* End XCConfigurationList section */
	};
	rootObject = 513C83B21D5484E200D70A04 /* Project object */;
}
